<?xml version="1.0" encoding="utf-8"?>
<Project ToolsVersion="4.0" xmlns="http://schemas.microsoft.com/developer/msbuild/2003">
  <ItemGroup>
    <Filter Include="Source Files">
      <UniqueIdentifier>{4FC737F1-C7A5-4376-A066-2A32D752A2FF}</UniqueIdentifier>
      <Extensions>cpp;c;cc;cxx;def;odl;idl;hpj;bat;asm;asmx</Extensions>
    </Filter>
    <Filter Include="Header Files">
      <UniqueIdentifier>{93995380-89BD-4b04-88EB-625FBE52EBFB}</UniqueIdentifier>
      <Extensions>h;hpp;hxx;hm;inl;inc;xsd</Extensions>
    </Filter>
    <Filter Include="Resource Files">
      <UniqueIdentifier>{67DA6AB6-F800-4c08-8B7A-83BB121AAD01}</UniqueIdentifier>
      <Extensions>rc;ico;cur;bmp;dlg;rc2;rct;bin;rgs;gif;jpg;jpeg;jpe;resx;tiff;tif;png;wav</Extensions>
    </Filter>
  </ItemGroup>
  <ItemGroup>
    <ClCompile Include="AssemblyInfo.cpp">
      <Filter>Source Files</Filter>
    </ClCompile>
    <ClCompile Include="MHydrax.cpp">
      <Filter>Source Files</Filter>
    </ClCompile>
    <ClCompile Include="Stdafx.cpp">
      <Filter>Source Files</Filter>
    </ClCompile>
  </ItemGroup>
  <ItemGroup>
    <ClInclude Include="MCfgFileManager.h">
      <Filter>Header Files</Filter>
    </ClInclude>
    <ClInclude Include="MDecalsManager.h">
      <Filter>Header Files</Filter>
    </ClInclude>
    <ClInclude Include="MEnums.h">
      <Filter>Header Files</Filter>
    </ClInclude>
    <ClInclude Include="MFFT.h">
      <Filter>Header Files</Filter>
    </ClInclude>
    <ClInclude Include="MGodRaysManager.h">
      <Filter>Header Files</Filter>
    </ClInclude>
    <ClInclude Include="MHelp.h">
      <Filter>Header Files</Filter>
    </ClInclude>
    <ClInclude Include="MHydrax.h">
      <Filter>Header Files</Filter>
    </ClInclude>
    <ClInclude Include="MMaterialManager.h">
      <Filter>Header Files</Filter>
    </ClInclude>
    <ClInclude Include="MMesh.h">
      <Filter>Header Files</Filter>
    </ClInclude>
    <ClInclude Include="MModule.h">
      <Filter>Header Files</Filter>
    </ClInclude>
    <ClInclude Include="MNoise.h">
      <Filter>Header Files</Filter>
    </ClInclude>
    <ClInclude Include="MPerlin.h">
      <Filter>Header Files</Filter>
    </ClInclude>
    <ClInclude Include="MProjectedGrid.h">
      <Filter>Header Files</Filter>
    </ClInclude>
    <ClInclude Include="MRadialGrid.h">
      <Filter>Header Files</Filter>
    </ClInclude>
    <ClInclude Include="MSimpleGrid.h">
      <Filter>Header Files</Filter>
    </ClInclude>
    <ClInclude Include="Stdafx.h">
      <Filter>Header Files</Filter>
    </ClInclude>
    <ClInclude Include="Util.h">
      <Filter>Header Files</Filter>
    </ClInclude>
  </ItemGroup>
</Project>